
Microsoft Visual Studio Solution File, Format Version 12.00
# Visual Studio Version 16
VisualStudioVersion = 16.0.29505.145
MinimumVisualStudioVersion = 10.0.40219.1
Project("{FAE04EC0-301F-11D3-BF4B-00C04F79EFBC}") = "DocumentManagement", "DemoAccess\DocumentManagement.csproj", "{74BB5219-801C-4E63-AD66-9A495D8DAB13}"
EndProject
Project("{54435603-DBB4-11D2-8724-00A0C9A8B90C}") = "Document Management", "Doccument Management\Doccument Management.vdproj", "{CA26B477-1AC4-4D3E-B40D-8572703A2C48}"
EndProject
Global
	GlobalSection(SolutionConfigurationPlatforms) = preSolution
		Debug|Any CPU = Debug|Any CPU
		Release|Any CPU = Release|Any CPU
	EndGlobalSection
	GlobalSection(ProjectConfigurationPlatforms) = postSolution
		{74BB5219-801C-4E63-AD66-9A495D8DAB13}.Debug|Any CPU.ActiveCfg = Debug|Any CPU
		{74BB5219-801C-4E63-AD66-9A495D8DAB13}.Debug|Any CPU.Build.0 = Debug|Any CPU
		{74BB5219-801C-4E63-AD66-9A495D8DAB13}.Release|Any CPU.ActiveCfg = Release|Any CPU
		{74BB5219-801C-4E63-AD66-9A495D8DAB13}.Release|Any CPU.Build.0 = Release|Any CPU
		{CA26B477-1AC4-4D3E-B40D-8572703A2C48}.Debug|Any CPU.ActiveCfg = Debug
		{CA26B477-1AC4-4D3E-B40D-8572703A2C48}.Release|Any CPU.ActiveCfg = Release
	EndGlobalSection
	GlobalSection(SolutionProperties) = preSolution
		HideSolutionNode = FALSE
	EndGlobalSection
	GlobalSection(ExtensibilityGlobals) = postSolution
		SolutionGuid = {A23A578B-A811-4A9C-9578-1D71D621BAC8}
	EndGlobalSection
EndGlobal
